// !$*UTF8*$!
{
	archiveVersion = 1;
	classes = {
	};
	objectVersion = 46;
	objects = {

/* Begin PBXBuildFile section */
		D1E0A4231AAEE2B300D35E1E /* AppDelegate.swift in Sources */ = {isa = PBXBuildFile; fileRef = D1E0A4221AAEE2B300D35E1E /* AppDelegate.swift */; };
		D1E0A4251AAEE2B300D35E1E /* ViewController.swift in Sources */ = {isa = PBXBuildFile; fileRef = D1E0A4241AAEE2B300D35E1E /* ViewController.swift */; };
		D1E0A4281AAEE2B300D35E1E /* Main.storyboard in Resources */ = {isa = PBXBuildFile; fileRef = D1E0A4261AAEE2B300D35E1E /* Main.storyboard */; };
		D1E0A42A1AAEE2B300D35E1E /* Images.xcassets in Resources */ = {isa = PBXBuildFile; fileRef = D1E0A4291AAEE2B300D35E1E /* Images.xcassets */; };
		D1E0A42D1AAEE2B300D35E1E /* LaunchScreen.xib in Resources */ = {isa = PBXBuildFile; fileRef = D1E0A42B1AAEE2B300D35E1E /* LaunchScreen.xib */; };
		D1E0A4391AAEE2B400D35E1E /* tips_newTests.swift in Sources */ = {isa = PBXBuildFile; fileRef = D1E0A4381AAEE2B400D35E1E /* tips_newTests.swift */; };
/* End PBXBuildFile section */

/* Begin PBXContainerItemProxy section */
		D1E0A4331AAEE2B400D35E1E /* PBXContainerItemProxy */ = {
			isa = PBXContainerItemProxy;
			containerPortal = D1E0A4151AAEE2B300D35E1E /* Project object */;
			proxyType = 1;
			remoteGlobalIDString = D1E0A41C1AAEE2B300D35E1E;
			remoteInfo = "tips-new";
		};
/* End PBXContainerItemProxy section */

/* Begin PBXFileReference section */
		D1E0A41D1AAEE2B300D35E1E /* tips-new.app */ = {isa = PBXFileReference; explicitFileType = wrapper.application; includeInIndex = 0; path = "tips-new.app"; sourceTree = BUILT_PRODUCTS_DIR; };
		D1E0A4211AAEE2B300D35E1E /* Info.plist */ = {isa = PBXFileReference; lastKnownFileType = text.plist.xml; path = Info.plist; sourceTree = "<group>"; };
		D1E0A4221AAEE2B300D35E1E /* AppDelegate.swift */ = {isa = PBXFileReference; lastKnownFileType = sourcecode.swift; path = AppDelegate.swift; sourceTree = "<group>"; };
		D1E0A4241AAEE2B300D35E1E /* ViewController.swift */ = {isa = PBXFileReference; lastKnownFileType = sourcecode.swift; path = ViewController.swift; sourceTree = "<group>"; };
		D1E0A4271AAEE2B300D35E1E /* Base */ = {isa = PBXFileReference; lastKnownFileType = file.storyboard; name = Base; path = Base.lproj/Main.storyboard; sourceTree = "<group>"; };
		D1E0A4291AAEE2B300D35E1E /* Images.xcassets */ = {isa = PBXFileReference; lastKnownFileType = folder.assetcatalog; path = Images.xcassets; sourceTree = "<group>"; };
		D1E0A42C1AAEE2B300D35E1E /* Base */ = {isa = PBXFileReference; lastKnownFileType = file.xib; name = Base; path = Base.lproj/LaunchScreen.xib; sourceTree = "<group>"; };
		D1E0A4321AAEE2B400D35E1E /* tips-newTests.xctest */ = {isa = PBXFileReference; explicitFileType = wrapper.cfbundle; includeInIndex = 0; path = "tips-newTests.xctest"; sourceTree = BUILT_PRODUCTS_DIR; };
		D1E0A4371AAEE2B400D35E1E /* Info.plist */ = {isa = PBXFileReference; lastKnownFileType = text.plist.xml; path = Info.plist; sourceTree = "<group>"; };
		D1E0A4381AAEE2B400D35E1E /* tips_newTests.swift */ = {isa = PBXFileReference; lastKnownFileType = sourcecode.swift; path = tips_newTests.swift; sourceTree = "<group>"; };
/* End PBXFileReference section */

/* Begin PBXFrameworksBuildPhase section */
		D1E0A41A1AAEE2B300D35E1E /* Frameworks */ = {
			isa = PBXFrameworksBuildPhase;
			buildActionMask = 2147483647;
			files = (
			);
			runOnlyForDeploymentPostprocessing = 0;
		};
		D1E0A42F1AAEE2B400D35E1E /* Frameworks */ = {
			isa = PBXFrameworksBuildPhase;
			buildActionMask = 2147483647;
			files = (
			);
			runOnlyForDeploymentPostprocessing = 0;
		};
/* End PBXFrameworksBuildPhase section */

/* Begin PBXGroup section */
		D1E0A4141AAEE2B300D35E1E = {
			isa = PBXGroup;
			children = (
				D1E0A41F1AAEE2B300D35E1E /* tips-new */,
				D1E0A4351AAEE2B400D35E1E /* tips-newTests */,
				D1E0A41E1AAEE2B300D35E1E /* Products */,
			);
			sourceTree = "<group>";
		};
		D1E0A41E1AAEE2B300D35E1E /* Products */ = {
			isa = PBXGroup;
			children = (
				D1E0A41D1AAEE2B300D35E1E /* tips-new.app */,
				D1E0A4321AAEE2B400D35E1E /* tips-newTests.xctest */,
			);
			name = Products;
			sourceTree = "<group>";
		};
		D1E0A41F1AAEE2B300D35E1E /* tips-new */ = {
			isa = PBXGroup;
			children = (
				D1E0A4221AAEE2B300D35E1E /* AppDelegate.swift */,
				D1E0A4241AAEE2B300D35E1E /* ViewController.swift */,
				D1E0A4261AAEE2B300D35E1E /* Main.storyboard */,
				D1E0A4291AAEE2B300D35E1E /* Images.xcassets */,
				D1E0A42B1AAEE2B300D35E1E /* LaunchScreen.xib */,
				D1E0A4201AAEE2B300D35E1E /* Supporting Files */,
			);
			path = "tips-new";
			sourceTree = "<group>";
		};
		D1E0A4201AAEE2B300D35E1E /* Supporting Files */ = {
			isa = PBXGroup;
			children = (
				D1E0A4211AAEE2B300D35E1E /* Info.plist */,
			);
			name = "Supporting Files";
			sourceTree = "<group>";
		};
		D1E0A4351AAEE2B400D35E1E /* tips-newTests */ = {
			isa = PBXGroup;
			children = (
				D1E0A4381AAEE2B400D35E1E /* tips_newTests.swift */,
				D1E0A4361AAEE2B400D35E1E /* Supporting Files */,
			);
			path = "tips-newTests";
			sourceTree = "<group>";
		};
		D1E0A4361AAEE2B400D35E1E /* Supporting Files */ = {
			isa = PBXGroup;
			children = (
				D1E0A4371AAEE2B400D35E1E /* Info.plist */,
			);
			name = "Supporting Files";
			sourceTree = "<group>";
		};
/* End PBXGroup section */

/* Begin PBXNativeTarget section */
		D1E0A41C1AAEE2B300D35E1E /* tips-new */ = {
			isa = PBXNativeTarget;
			buildConfigurationList = D1E0A43C1AAEE2B400D35E1E /* Build configuration list for PBXNativeTarget "tips-new" */;
			buildPhases = (
				D1E0A4191AAEE2B300D35E1E /* Sources */,
				D1E0A41A1AAEE2B300D35E1E /* Frameworks */,
				D1E0A41B1AAEE2B300D35E1E /* Resources */,
			);
			buildRules = (
			);
			dependencies = (
			);
			name = "tips-new";
			productName = "tips-new";
			productReference = D1E0A41D1AAEE2B300D35E1E /* tips-new.app */;
			productType = "com.apple.product-type.application";
		};
		D1E0A4311AAEE2B400D35E1E /* tips-newTests */ = {
			isa = PBXNativeTarget;
			buildConfigurationList = D1E0A43F1AAEE2B400D35E1E /* Build configuration list for PBXNativeTarget "tips-newTests" */;
			buildPhases = (
				D1E0A42E1AAEE2B400D35E1E /* Sources */,
				D1E0A42F1AAEE2B400D35E1E /* Frameworks */,
				D1E0A4301AAEE2B400D35E1E /* Resources */,
			);
			buildRules = (
			);
			dependencies = (
				D1E0A4341AAEE2B400D35E1E /* PBXTargetDependency */,
			);
			name = "tips-newTests";
			productName = "tips-newTests";
			productReference = D1E0A4321AAEE2B400D35E1E /* tips-newTests.xctest */;
			productType = "com.apple.product-type.bundle.unit-test";
		};
/* End PBXNativeTarget section */

/* Begin PBXProject section */
		D1E0A4151AAEE2B300D35E1E /* Project object */ = {
			isa = PBXProject;
			attributes = {
				LastUpgradeCheck = 0610;
				ORGANIZATIONNAME = "Lisa Wang";
				TargetAttributes = {
					D1E0A41C1AAEE2B300D35E1E = {
						CreatedOnToolsVersion = 6.1.1;
					};
					D1E0A4311AAEE2B400D35E1E = {
						CreatedOnToolsVersion = 6.1.1;
						TestTargetID = D1E0A41C1AAEE2B300D35E1E;
					};
				};
			};
			buildConfigurationList = D1E0A4181AAEE2B300D35E1E /* Build configuration list for PBXProject "tips-new" */;
			compatibilityVersion = "Xcode 3.2";
			developmentRegion = English;
			hasScannedForEncodings = 0;
			knownRegions = (
				en,
				Base,
			);
			mainGroup = D1E0A4141AAEE2B300D35E1E;
			productRefGroup = D1E0A41E1AAEE2B300D35E1E /* Products */;
			projectDirPath = "";
			projectRoot = "";
			targets = (
				D1E0A41C1AAEE2B300D35E1E /* tips-new */,
				D1E0A4311AAEE2B400D35E1E /* tips-newTests */,
			);
		};
/* End PBXProject section */

/* Begin PBXResourcesBuildPhase section */
		D1E0A41B1AAEE2B300D35E1E /* Resources */ = {
			isa = PBXResourcesBuildPhase;
			buildActionMask = 2147483647;
			files = (
				D1E0A4281AAEE2B300D35E1E /* Main.storyboard in Resources */,
				D1E0A42D1AAEE2B300D35E1E /* LaunchScreen.xib in Resources */,
				D1E0A42A1AAEE2B300D35E1E /* Images.xcassets in Resources */,
			);
			runOnlyForDeploymentPostprocessing = 0;
		};
		D1E0A4301AAEE2B400D35E1E /* Resources */ = {
			isa = PBXResourcesBuildPhase;
			buildActionMask = 2147483647;
			files = (
			);
			runOnlyForDeploymentPostprocessing = 0;
		};
/* End PBXResourcesBuildPhase section */

/* Begin PBXSourcesBuildPhase section */
		D1E0A4191AAEE2B300D35E1E /* Sources */ = {
			isa = PBXSourcesBuildPhase;
			buildActionMask = 2147483647;
			files = (
				D1E0A4251AAEE2B300D35E1E /* ViewController.swift in Sources */,
				D1E0A4231AAEE2B300D35E1E /* AppDelegate.swift in Sources */,
			);
			runOnlyForDeploymentPostprocessing = 0;
		};
		D1E0A42E1AAEE2B400D35E1E /* Sources */ = {
			isa = PBXSourcesBuildPhase;
			buildActionMask = 2147483647;
			files = (
				D1E0A4391AAEE2B400D35E1E /* tips_newTests.swift in Sources */,
			);
			runOnlyForDeploymentPostprocessing = 0;
		};
/* End PBXSourcesBuildPhase section */

/* Begin PBXTargetDependency section */
		D1E0A4341AAEE2B400D35E1E /* PBXTargetDependency */ = {
			isa = PBXTargetDependency;
			target = D1E0A41C1AAEE2B300D35E1E /* tips-new */;
			targetProxy = D1E0A4331AAEE2B400D35E1E /* PBXContainerItemProxy */;
		};
/* End PBXTargetDependency section */

/* Begin PBXVariantGroup section */
		D1E0A4261AAEE2B300D35E1E /* Main.storyboard */ = {
			isa = PBXVariantGroup;
			children = (
				D1E0A4271AAEE2B300D35E1E /* Base */,
			);
			name = Main.storyboard;
			sourceTree = "<group>";
		};
		D1E0A42B1AAEE2B300D35E1E /* LaunchScreen.xib */ = {
			isa = PBXVariantGroup;
			children = (
				D1E0A42C1AAEE2B300D35E1E /* Base */,
			);
			name = LaunchScreen.xib;
			sourceTree = "<group>";
		};
/* End PBXVariantGroup section */

/* Begin XCBuildConfiguration section */
		D1E0A43A1AAEE2B400D35E1E /* Debug */ = {
			isa = XCBuildConfiguration;
			buildSettings = {
				ALWAYS_SEARCH_USER_PATHS = NO;
				CLANG_CXX_LANGUAGE_STANDARD = "gnu++0x";
				CLANG_CXX_LIBRARY = "libc++";
				CLANG_ENABLE_MODULES = YES;
				CLANG_ENABLE_OBJC_ARC = YES;
				CLANG_WARN_BOOL_CONVERSION = YES;
				CLANG_WARN_CONSTANT_CONVERSION = YES;
				CLANG_WARN_DIRECT_OBJC_ISA_USAGE = YES_ERROR;
				CLANG_WARN_EMPTY_BODY = YES;
				CLANG_WARN_ENUM_CONVERSION = YES;
				CLANG_WARN_INT_CONVERSION = YES;
				CLANG_WARN_OBJC_ROOT_CLASS = YES_ERROR;
				CLANG_WARN_UNREACHABLE_CODE = YES;
				CLANG_WARN__DUPLICATE_METHOD_MATCH = YES;
				"CODE_SIGN_IDENTITY[sdk=iphoneos*]" = "iPhone Developer";
				COPY_PHASE_STRIP = NO;
				ENABLE_STRICT_OBJC_MSGSEND = YES;
				GCC_C_LANGUAGE_STANDARD = gnu99;
				GCC_DYNAMIC_NO_PIC = NO;
				GCC_OPTIMIZATION_LEVEL = 0;
				GCC_PREPROCESSOR_DEFINITIONS = (
					"DEBUG=1",
					"$(inherited)",
				);
				GCC_SYMBOLS_PRIVATE_EXTERN = NO;
				GCC_WARN_64_TO_32_BIT_CONVERSION = YES;
				GCC_WARN_ABOUT_RETURN_TYPE = YES_ERROR;
				GCC_WARN_UNDECLARED_SELECTOR = YES;
				GCC_WARN_UNINITIALIZED_AUTOS = YES_AGGRESSIVE;
				GCC_WARN_UNUSED_FUNCTION = YES;
				GCC_WARN_UNUSED_VARIABLE = YES;
				IPHONEOS_DEPLOYMENT_TARGET = 8.1;
				MTL_ENABLE_DEBUG_INFO = YES;
				ONLY_ACTIVE_ARCH = YES;
				SDKROOT = iphoneos;
				SWIFT_OPTIMIZATION_LEVEL = "-Onone";
			};
			name = Debug;
		};
		D1E0A43B1AAEE2B400D35E1E /* Release */ = {
			isa = XCBuildConfiguration;
			buildSettings = {
				ALWAYS_SEARCH_USER_PATHS = NO;
				CLANG_CXX_LANGUAGE_STANDARD = "gnu++0x";
				CLANG_CXX_LIBRARY = "libc++";
				CLANG_ENABLE_MODULES = YES;
				CLANG_ENABLE_OBJC_ARC = YES;
				CLANG_WARN_BOOL_CONVERSION = YES;
				CLANG_WARN_CONSTANT_CONVERSION = YES;
				CLANG_WARN_DIRECT_OBJC_ISA_USAGE = YES_ERROR;
				CLANG_WARN_EMPTY_BODY = YES;
				CLANG_WARN_ENUM_CONVERSION = YES;
				CLANG_WARN_INT_CONVERSION = YES;
				CLANG_WARN_OBJC_ROOT_CLASS = YES_ERROR;
				CLANG_WARN_UNREACHABLE_CODE = YES;
				CLANG_WARN__DUPLICATE_METHOD_MATCH = YES;
				"CODE_SIGN_IDENTITY[sdk=iphoneos*]" = "iPhone Developer";
				COPY_PHASE_STRIP = YES;
				ENABLE_NS_ASSERTIONS = NO;
				ENABLE_STRICT_OBJC_MSGSEND = YES;
				GCC_C_LANGUAGE_STANDARD = gnu99;
				GCC_WARN_64_TO_32_BIT_CONVERSION = YES;
				GCC_WARN_ABOUT_RETURN_TYPE = YES_ERROR;
				GCC_WARN_UNDECLARED_SELECTOR = YES;
				GCC_WARN_UNINITIALIZED_AUTOS = YES_AGGRESSIVE;
				GCC_WARN_UNUSED_FUNCTION = YES;
				GCC_WARN_UNUSED_VARIABLE = YES;
				IPHONEOS_DEPLOYMENT_TARGET = 8.1;
				MTL_ENABLE_DEBUG_INFO = NO;
				SDKROOT = iphoneos;
				VALIDATE_PRODUCT = YES;
			};
			name = Release;
		};
		D1E0A43D1AAEE2B400D35E1E /* Debug */ = {
			isa = XCBuildConfiguration;
			buildSettings = {
				ASSETCATALOG_COMPILER_APPICON_NAME = AppIcon;
				INFOPLIST_FILE = "tips-new/Info.plist";
				LD_RUNPATH_SEARCH_PATHS = "$(inherited) @executable_path/Frameworks";
				PRODUCT_NAME = "$(TARGET_NAME)";
			};
			name = Debug;
		};
		D1E0A43E1AAEE2B400D35E1E /* Release */ = {
			isa = XCBuildConfiguration;
			buildSettings = {
				ASSETCATALOG_COMPILER_APPICON_NAME = AppIcon;
				INFOPLIST_FILE = "tips-new/Info.plist";
				LD_RUNPATH_SEARCH_PATHS = "$(inherited) @executable_path/Frameworks";
				PRODUCT_NAME = "$(TARGET_NAME)";
			};
			name = Release;
		};
		D1E0A4401AAEE2B400D35E1E /* Debug */ = {
			isa = XCBuildConfiguration;
			buildSettings = {
				BUNDLE_LOADER = "$(TEST_HOST)";
				FRAMEWORK_SEARCH_PATHS = (
					"$(SDKROOT)/Developer/Library/Frameworks",
					"$(inherited)",
				);
				GCC_PREPROCESSOR_DEFINITIONS = (
					"DEBUG=1",
					"$(inherited)",
				);
				INFOPLIST_FILE = "tips-newTests/Info.plist";
				LD_RUNPATH_SEARCH_PATHS = "$(inherited) @executable_path/Frameworks @loader_path/Frameworks";
				PRODUCT_NAME = "$(TARGET_NAME)";
				TEST_HOST = "$(BUILT_PRODUCTS_DIR)/tips-new.app/tips-new";
			};
			name = Debug;
		};
		D1E0A4411AAEE2B400D35E1E /* Release */ = {
			isa = XCBuildConfiguration;
			buildSettings = {
				BUNDLE_LOADER = "$(TEST_HOST)";
				FRAMEWORK_SEARCH_PATHS = (
					"$(SDKROOT)/Developer/Library/Frameworks",
					"$(inherited)",
				);
				INFOPLIST_FILE = "tips-newTests/Info.plist";
				LD_RUNPATH_SEARCH_PATHS = "$(inherited) @executable_path/Frameworks @loader_path/Frameworks";
				PRODUCT_NAME = "$(TARGET_NAME)";
				TEST_HOST = "$(BUILT_PRODUCTS_DIR)/tips-new.app/tips-new";
			};
			name = Release;
		};
/* End XCBuildConfiguration section */

/* Begin XCConfigurationList section */
		D1E0A4181AAEE2B300D35E1E /* Build configuration list for PBXProject "tips-new" */ = {
			isa = XCConfigurationList;
			buildConfigurations = (
				D1E0A43A1AAEE2B400D35E1E /* Debug */,
				D1E0A43B1AAEE2B400D35E1E /* Release */,
			);
			defaultConfigurationIsVisible = 0;
			defaultConfigurationName = Release;
		};
		D1E0A43C1AAEE2B400D35E1E /* Build configuration list for PBXNativeTarget "tips-new" */ = {
			isa = XCConfigurationList;
			buildConfigurations = (
				D1E0A43D1AAEE2B400D35E1E /* Debug */,
				D1E0A43E1AAEE2B400D35E1E /* Release */,
			);
			defaultConfigurationIsVisible = 0;
		};
		D1E0A43F1AAEE2B400D35E1E /* Build configuration list for PBXNativeTarget "tips-newTests" */ = {
			isa = XCConfigurationList;
			buildConfigurations = (
				D1E0A4401AAEE2B400D35E1E /* Debug */,
				D1E0A4411AAEE2B400D35E1E /* Release */,
			);
			defaultConfigurationIsVisible = 0;
		};
/* End XCConfigurationList section */
	};
	rootObject = D1E0A4151AAEE2B300D35E1E /* Project object */;
}
